// !$*UTF8*$!
{
	archiveVersion = 1;
	classes = {
	};
	objectVersion = 46;
	objects = {

/* Begin PBXBuildFile section */
		C26A860A1DBDCB2500AB443D /* AppDelegate.swift in Sources */ = {isa = PBXBuildFile; fileRef = C26A86091DBDCB2500AB443D /* AppDelegate.swift */; };
		C26A860C1DBDCB2500AB443D /* ViewController.swift in Sources */ = {isa = PBXBuildFile; fileRef = C26A860B1DBDCB2500AB443D /* ViewController.swift */; };
		C26A860F1DBDCB2500AB443D /* Main.storyboard in Resources */ = {isa = PBXBuildFile; fileRef = C26A860D1DBDCB2500AB443D /* Main.storyboard */; };
		C26A86111DBDCB2500AB443D /* Assets.xcassets in Resources */ = {isa = PBXBuildFile; fileRef = C26A86101DBDCB2500AB443D /* Assets.xcassets */; };
		C26A86141DBDCB2500AB443D /* LaunchScreen.storyboard in Resources */ = {isa = PBXBuildFile; fileRef = C26A86121DBDCB2500AB443D /* LaunchScreen.storyboard */; };
		C26A86211DBDF26E00AB443D /* SwiftyWaveView.swift in Sources */ = {isa = PBXBuildFile; fileRef = C26A86201DBDF26E00AB443D /* SwiftyWaveView.swift */; };
/* End PBXBuildFile section */

/* Begin PBXFileReference section */
		C26A86061DBDCB2500AB443D /* SwiftyWave.app */ = {isa = PBXFileReference; explicitFileType = wrapper.application; includeInIndex = 0; path = SwiftyWave.app; sourceTree = BUILT_PRODUCTS_DIR; };
		C26A86091DBDCB2500AB443D /* AppDelegate.swift */ = {isa = PBXFileReference; lastKnownFileType = sourcecode.swift; path = AppDelegate.swift; sourceTree = "<group>"; };
		C26A860B1DBDCB2500AB443D /* ViewController.swift */ = {isa = PBXFileReference; lastKnownFileType = sourcecode.swift; path = ViewController.swift; sourceTree = "<group>"; };
		C26A860E1DBDCB2500AB443D /* Base */ = {isa = PBXFileReference; lastKnownFileType = file.storyboard; name = Base; path = Base.lproj/Main.storyboard; sourceTree = "<group>"; };
		C26A86101DBDCB2500AB443D /* Assets.xcassets */ = {isa = PBXFileReference; lastKnownFileType = folder.assetcatalog; path = Assets.xcassets; sourceTree = "<group>"; };
		C26A86131DBDCB2500AB443D /* Base */ = {isa = PBXFileReference; lastKnownFileType = file.storyboard; name = Base; path = Base.lproj/LaunchScreen.storyboard; sourceTree = "<group>"; };
		C26A86151DBDCB2500AB443D /* Info.plist */ = {isa = PBXFileReference; lastKnownFileType = text.plist.xml; path = Info.plist; sourceTree = "<group>"; };
		C26A86201DBDF26E00AB443D /* SwiftyWaveView.swift */ = {isa = PBXFileReference; fileEncoding = 4; lastKnownFileType = sourcecode.swift; name = SwiftyWaveView.swift; path = ../../Classes/SwiftyWaveView.swift; sourceTree = "<group>"; };
/* End PBXFileReference section */

/* Begin PBXFrameworksBuildPhase section */
		C26A86031DBDCB2500AB443D /* Frameworks */ = {
			isa = PBXFrameworksBuildPhase;
			buildActionMask = 2147483647;
			files = (
			);
			runOnlyForDeploymentPostprocessing = 0;
		};
/* End PBXFrameworksBuildPhase section */

/* Begin PBXGroup section */
		C26A85FD1DBDCB2500AB443D = {
			isa = PBXGroup;
			children = (
				C26A86081DBDCB2500AB443D /* SwiftyWave */,
				C26A86071DBDCB2500AB443D /* Products */,
			);
			sourceTree = "<group>";
		};
		C26A86071DBDCB2500AB443D /* Products */ = {
			isa = PBXGroup;
			children = (
				C26A86061DBDCB2500AB443D /* SwiftyWave.app */,
			);
			name = Products;
			sourceTree = "<group>";
		};
		C26A86081DBDCB2500AB443D /* SwiftyWave */ = {
			isa = PBXGroup;
			children = (
				C26A861B1DBDCB4300AB443D /* Classes */,
				C26A86091DBDCB2500AB443D /* AppDelegate.swift */,
				C26A860B1DBDCB2500AB443D /* ViewController.swift */,
				C26A860D1DBDCB2500AB443D /* Main.storyboard */,
				C26A86101DBDCB2500AB443D /* Assets.xcassets */,
				C26A86121DBDCB2500AB443D /* LaunchScreen.storyboard */,
				C26A86151DBDCB2500AB443D /* Info.plist */,
			);
			path = SwiftyWave;
			sourceTree = "<group>";
		};
		C26A861B1DBDCB4300AB443D /* Classes */ = {
			isa = PBXGroup;
			children = (
				C26A86201DBDF26E00AB443D /* SwiftyWaveView.swift */,
			);
			name = Classes;
			sourceTree = "<group>";
		};
/* End PBXGroup section */

/* Begin PBXNativeTarget section */
		C26A86051DBDCB2500AB443D /* SwiftyWave */ = {
			isa = PBXNativeTarget;
			buildConfigurationList = C26A86181DBDCB2500AB443D /* Build configuration list for PBXNativeTarget "SwiftyWave" */;
			buildPhases = (
				C26A86021DBDCB2500AB443D /* Sources */,
				C26A86031DBDCB2500AB443D /* Frameworks */,
				C26A86041DBDCB2500AB443D /* Resources */,
			);
			buildRules = (
			);
			dependencies = (
			);
			name = SwiftyWave;
			productName = SwiftyWave;
			productReference = C26A86061DBDCB2500AB443D /* SwiftyWave.app */;
			productType = "com.apple.product-type.application";
		};
/* End PBXNativeTarget section */

/* Begin PBXProject section */
		C26A85FE1DBDCB2500AB443D /* Project object */ = {
			isa = PBXProject;
			attributes = {
				LastSwiftUpdateCheck = 0800;
				LastUpgradeCheck = 0800;
				ORGANIZATIONNAME = Octree;
				TargetAttributes = {
					C26A86051DBDCB2500AB443D = {
						CreatedOnToolsVersion = 8.0;
						DevelopmentTeam = 7A5GV3DH33;
						ProvisioningStyle = Automatic;
					};
				};
			};
			buildConfigurationList = C26A86011DBDCB2500AB443D /* Build configuration list for PBXProject "SwiftyWave" */;
			compatibilityVersion = "Xcode 3.2";
			developmentRegion = English;
			hasScannedForEncodings = 0;
			knownRegions = (
				en,
				Base,
			);
			mainGroup = C26A85FD1DBDCB2500AB443D;
			productRefGroup = C26A86071DBDCB2500AB443D /* Products */;
			projectDirPath = "";
			projectRoot = "";
			targets = (
				C26A86051DBDCB2500AB443D /* SwiftyWave */,
			);
		};
/* End PBXProject section */

/* Begin PBXResourcesBuildPhase section */
		C26A86041DBDCB2500AB443D /* Resources */ = {
			isa = PBXResourcesBuildPhase;
			buildActionMask = 2147483647;
			files = (
				C26A86141DBDCB2500AB443D /* LaunchScreen.storyboard in Resources */,
				C26A86111DBDCB2500AB443D /* Assets.xcassets in Resources */,
				C26A860F1DBDCB2500AB443D /* Main.storyboard in Resources */,
			);
			runOnlyForDeploymentPostprocessing = 0;
		};
/* End PBXResourcesBuildPhase section */

/* Begin PBXSourcesBuildPhase section */
		C26A86021DBDCB2500AB443D /* Sources */ = {
			isa = PBXSourcesBuildPhase;
			buildActionMask = 2147483647;
			files = (
				C26A86211DBDF26E00AB443D /* SwiftyWaveView.swift in Sources */,
				C26A860C1DBDCB2500AB443D /* ViewController.swift in Sources */,
				C26A860A1DBDCB2500AB443D /* AppDelegate.swift in Sources */,
			);
			runOnlyForDeploymentPostprocessing = 0;
		};
/* End PBXSourcesBuildPhase section */

/* Begin PBXVariantGroup section */
		C26A860D1DBDCB2500AB443D /* Main.storyboard */ = {
			isa = PBXVariantGroup;
			children = (
				C26A860E1DBDCB2500AB443D /* Base */,
			);
			name = Main.storyboard;
			sourceTree = "<group>";
		};
		C26A86121DBDCB2500AB443D /* LaunchScreen.storyboard */ = {
			isa = PBXVariantGroup;
			children = (
				C26A86131DBDCB2500AB443D /* Base */,
			);
			name = LaunchScreen.storyboard;
			sourceTree = "<group>";
		};
/* End PBXVariantGroup section */

/* Begin XCBuildConfiguration section */
		C26A86161DBDCB2500AB443D /* Debug */ = {
			isa = XCBuildConfiguration;
			buildSettings = {
				ALWAYS_SEARCH_USER_PATHS = NO;
				CLANG_ANALYZER_NONNULL = YES;
				CLANG_CXX_LANGUAGE_STANDARD = "gnu++0x";
				CLANG_CXX_LIBRARY = "libc++";
				CLANG_ENABLE_MODULES = YES;
				CLANG_ENABLE_OBJC_ARC = YES;
				CLANG_WARN_BOOL_CONVERSION = YES;
				CLANG_WARN_CONSTANT_CONVERSION = YES;
				CLANG_WARN_DIRECT_OBJC_ISA_USAGE = YES_ERROR;
				CLANG_WARN_DOCUMENTATION_COMMENTS = YES;
				CLANG_WARN_EMPTY_BODY = YES;
				CLANG_WARN_ENUM_CONVERSION = YES;
				CLANG_WARN_INFINITE_RECURSION = YES;
				CLANG_WARN_INT_CONVERSION = YES;
				CLANG_WARN_OBJC_ROOT_CLASS = YES_ERROR;
				CLANG_WARN_SUSPICIOUS_MOVES = YES;
				CLANG_WARN_UNREACHABLE_CODE = YES;
				CLANG_WARN__DUPLICATE_METHOD_MATCH = YES;
				"CODE_SIGN_IDENTITY[sdk=iphoneos*]" = "iPhone Developer";
				COPY_PHASE_STRIP = NO;
				DEBUG_INFORMATION_FORMAT = dwarf;
				ENABLE_STRICT_OBJC_MSGSEND = YES;
				ENABLE_TESTABILITY = YES;
				GCC_C_LANGUAGE_STANDARD = gnu99;
				GCC_DYNAMIC_NO_PIC = NO;
				GCC_NO_COMMON_BLOCKS = YES;
				GCC_OPTIMIZATION_LEVEL = 0;
				GCC_PREPROCESSOR_DEFINITIONS = (
					"DEBUG=1",
					"$(inherited)",
				);
				GCC_WARN_64_TO_32_BIT_CONVERSION = YES;
				GCC_WARN_ABOUT_RETURN_TYPE = YES_ERROR;
				GCC_WARN_UNDECLARED_SELECTOR = YES;
				GCC_WARN_UNINITIALIZED_AUTOS = YES_AGGRESSIVE;
				GCC_WARN_UNUSED_FUNCTION = YES;
				GCC_WARN_UNUSED_VARIABLE = YES;
				IPHONEOS_DEPLOYMENT_TARGET = 10.0;
				MTL_ENABLE_DEBUG_INFO = YES;
				ONLY_ACTIVE_ARCH = YES;
				SDKROOT = iphoneos;
				SWIFT_ACTIVE_COMPILATION_CONDITIONS = DEBUG;
				SWIFT_OPTIMIZATION_LEVEL = "-Onone";
			};
			name = Debug;
		};
		C26A86171DBDCB2500AB443D /* Release */ = {
			isa = XCBuildConfiguration;
			buildSettings = {
				ALWAYS_SEARCH_USER_PATHS = NO;
				CLANG_ANALYZER_NONNULL = YES;
				CLANG_CXX_LANGUAGE_STANDARD = "gnu++0x";
				CLANG_CXX_LIBRARY = "libc++";
				CLANG_ENABLE_MODULES = YES;
				CLANG_ENABLE_OBJC_ARC = YES;
				CLANG_WARN_BOOL_CONVERSION = YES;
				CLANG_WARN_CONSTANT_CONVERSION = YES;
				CLANG_WARN_DIRECT_OBJC_ISA_USAGE = YES_ERROR;
				CLANG_WARN_DOCUMENTATION_COMMENTS = YES;
				CLANG_WARN_EMPTY_BODY = YES;
				CLANG_WARN_ENUM_CONVERSION = YES;
				CLANG_WARN_INFINITE_RECURSION = YES;
				CLANG_WARN_INT_CONVERSION = YES;
				CLANG_WARN_OBJC_ROOT_CLASS = YES_ERROR;
				CLANG_WARN_SUSPICIOUS_MOVES = YES;
				CLANG_WARN_UNREACHABLE_CODE = YES;
				CLANG_WARN__DUPLICATE_METHOD_MATCH = YES;
				"CODE_SIGN_IDENTITY[sdk=iphoneos*]" = "iPhone Developer";
				COPY_PHASE_STRIP = NO;
				DEBUG_INFORMATION_FORMAT = "dwarf-with-dsym";
				ENABLE_NS_ASSERTIONS = NO;
				ENABLE_STRICT_OBJC_MSGSEND = YES;
				GCC_C_LANGUAGE_STANDARD = gnu99;
				GCC_NO_COMMON_BLOCKS = YES;
				GCC_WARN_64_TO_32_BIT_CONVERSION = YES;
				GCC_WARN_ABOUT_RETURN_TYPE = YES_ERROR;
				GCC_WARN_UNDECLARED_SELECTOR = YES;
				GCC_WARN_UNINITIALIZED_AUTOS = YES_AGGRESSIVE;
				GCC_WARN_UNUSED_FUNCTION = YES;
				GCC_WARN_UNUSED_VARIABLE = YES;
				IPHONEOS_DEPLOYMENT_TARGET = 10.0;
				MTL_ENABLE_DEBUG_INFO = NO;
				SDKROOT = iphoneos;
				SWIFT_OPTIMIZATION_LEVEL = "-Owholemodule";
				VALIDATE_PRODUCT = YES;
			};
			name = Release;
		};
		C26A86191DBDCB2500AB443D /* Debug */ = {
			isa = XCBuildConfiguration;
			buildSettings = {
				ASSETCATALOG_COMPILER_APPICON_NAME = AppIcon;
				DEVELOPMENT_TEAM = 7A5GV3DH33;
				INFOPLIST_FILE = SwiftyWave/Info.plist;
				LD_RUNPATH_SEARCH_PATHS = "$(inherited) @executable_path/Frameworks";
				PRODUCT_BUNDLE_IDENTIFIER = me.octree.SwiftyWave;
				PRODUCT_NAME = "$(TARGET_NAME)";
				SWIFT_VERSION = 3.0;
			};
			name = Debug;
		};
		C26A861A1DBDCB2500AB443D /* Release */ = {
			isa = XCBuildConfiguration;
			buildSettings = {
				ASSETCATALOG_COMPILER_APPICON_NAME = AppIcon;
				DEVELOPMENT_TEAM = 7A5GV3DH33;
				INFOPLIST_FILE = SwiftyWave/Info.plist;
				LD_RUNPATH_SEARCH_PATHS = "$(inherited) @executable_path/Frameworks";
				PRODUCT_BUNDLE_IDENTIFIER = me.octree.SwiftyWave;
				PRODUCT_NAME = "$(TARGET_NAME)";
				SWIFT_VERSION = 3.0;
			};
			name = Release;
		};
/* End XCBuildConfiguration section */

/* Begin XCConfigurationList section */
		C26A86011DBDCB2500AB443D /* Build configuration list for PBXProject "SwiftyWave" */ = {
			isa = XCConfigurationList;
			buildConfigurations = (
				C26A86161DBDCB2500AB443D /* Debug */,
				C26A86171DBDCB2500AB443D /* Release */,
			);
			defaultConfigurationIsVisible = 0;
			defaultConfigurationName = Release;
		};
		C26A86181DBDCB2500AB443D /* Build configuration list for PBXNativeTarget "SwiftyWave" */ = {
			isa = XCConfigurationList;
			buildConfigurations = (
				C26A86191DBDCB2500AB443D /* Debug */,
				C26A861A1DBDCB2500AB443D /* Release */,
			);
			defaultConfigurationIsVisible = 0;
			defaultConfigurationName = Release;
		};
/* End XCConfigurationList section */
	};
	rootObject = C26A85FE1DBDCB2500AB443D /* Project object */;
}
